
Microsoft Visual Studio Solution File, Format Version 12.00
# Visual Studio Version 17
VisualStudioVersion = 17.1.32414.318
MinimumVisualStudioVersion = 10.0.40219.1
Project("{8BC9CEB8-8B4A-11D0-8D11-00A0C91BC942}") = "Tablut", "Tablut\Tablut.vcxproj", "{4E53863A-498A-4089-BE64-4145D9E5469F}"
EndProject
Global
	GlobalSection(SolutionConfigurationPlatforms) = preSolution
		Debug|x64 = Debug|x64
		Debug|x86 = Debug|x86
		Release|x64 = Release|x64
		Release|x86 = Release|x86
	EndGlobalSection
	GlobalSection(ProjectConfigurationPlatforms) = postSolution
		{4E53863A-498A-4089-BE64-4145D9E5469F}.Debug|x64.ActiveCfg = Debug|x64
		{4E53863A-498A-4089-BE64-4145D9E5469F}.Debug|x64.Build.0 = Debug|x64
		{4E53863A-498A-4089-BE64-4145D9E5469F}.Debug|x86.ActiveCfg = Debug|Win32
		{4E53863A-498A-4089-BE64-4145D9E5469F}.Debug|x86.Build.0 = Debug|Win32
		{4E53863A-498A-4089-BE64-4145D9E5469F}.Release|x64.ActiveCfg = Release|x64
		{4E53863A-498A-4089-BE64-4145D9E5469F}.Release|x64.Build.0 = Release|x64
		{4E53863A-498A-4089-BE64-4145D9E5469F}.Release|x86.ActiveCfg = Release|Win32
		{4E53863A-498A-4089-BE64-4145D9E5469F}.Release|x86.Build.0 = Release|Win32
	EndGlobalSection
	GlobalSection(SolutionProperties) = preSolution
		HideSolutionNode = FALSE
	EndGlobalSection
	GlobalSection(ExtensibilityGlobals) = postSolution
		SolutionGuid = {4639CCE6-EACC-4C7B-B5DB-8F2D41C90645}
	EndGlobalSection
EndGlobal
